
Microsoft Visual Studio Solution File, Format Version 12.00
# Visual Studio Version 17
VisualStudioVersion = 17.3.32819.101
MinimumVisualStudioVersion = 10.0.40219.1
Project("{FAE04EC0-301F-11D3-BF4B-00C04F79EFBC}") = "CodingTest", "CodingTest\CodingTest.csproj", "{BABF5946-6260-4592-A843-97BC8F48E34A}"
EndProject
Global
	GlobalSection(SolutionConfigurationPlatforms) = preSolution
		Debug|Any CPU = Debug|Any CPU
		Release|Any CPU = Release|Any CPU
	EndGlobalSection
	GlobalSection(ProjectConfigurationPlatforms) = postSolution
		{BABF5946-6260-4592-A843-97BC8F48E34A}.Debug|Any CPU.ActiveCfg = Debug|Any CPU
		{BABF5946-6260-4592-A843-97BC8F48E34A}.Debug|Any CPU.Build.0 = Debug|Any CPU
		{BABF5946-6260-4592-A843-97BC8F48E34A}.Release|Any CPU.ActiveCfg = Release|Any CPU
		{BABF5946-6260-4592-A843-97BC8F48E34A}.Release|Any CPU.Build.0 = Release|Any CPU
	EndGlobalSection
	GlobalSection(SolutionProperties) = preSolution
		HideSolutionNode = FALSE
	EndGlobalSection
	GlobalSection(ExtensibilityGlobals) = postSolution
		SolutionGuid = {5D58AB67-77E7-4994-99EC-E514F3313AE0}
	EndGlobalSection
EndGlobal
